
Microsoft Visual Studio Solution File, Format Version 12.00
# Visual Studio Version 16
VisualStudioVersion = 16.0.29709.97
MinimumVisualStudioVersion = 10.0.40219.1
Project("{FAE04EC0-301F-11D3-BF4B-00C04F79EFBC}") = "My first GUI App", "My first GUI App\My first GUI App.csproj", "{D10541C5-08D6-44EB-ABCB-D2ED1460A6AA}"
EndProject
Global
	GlobalSection(SolutionConfigurationPlatforms) = preSolution
		Debug|Any CPU = Debug|Any CPU
		Release|Any CPU = Release|Any CPU
	EndGlobalSection
	GlobalSection(ProjectConfigurationPlatforms) = postSolution
		{D10541C5-08D6-44EB-ABCB-D2ED1460A6AA}.Debug|Any CPU.ActiveCfg = Debug|Any CPU
		{D10541C5-08D6-44EB-ABCB-D2ED1460A6AA}.Debug|Any CPU.Build.0 = Debug|Any CPU
		{D10541C5-08D6-44EB-ABCB-D2ED1460A6AA}.Release|Any CPU.ActiveCfg = Release|Any CPU
		{D10541C5-08D6-44EB-ABCB-D2ED1460A6AA}.Release|Any CPU.Build.0 = Release|Any CPU
	EndGlobalSection
	GlobalSection(SolutionProperties) = preSolution
		HideSolutionNode = FALSE
	EndGlobalSection
	GlobalSection(ExtensibilityGlobals) = postSolution
		SolutionGuid = {B0709497-2579-4BCB-AE04-83E2FADC1ED4}
	EndGlobalSection
EndGlobal
